
Microsoft Visual Studio Solution File, Format Version 12.00
# Visual Studio Version 16
VisualStudioVersion = 16.0.31005.135
MinimumVisualStudioVersion = 10.0.40219.1
Project("{9A19103F-16F7-4668-BE54-9A1E7A4F7556}") = "Yitter.IdGenerator", "Yitter.IdGenerator\Yitter.IdGenerator.csproj", "{FF8DAF11-34E7-4842-ADF2-3722A1A5FBB2}"
EndProject
Project("{9A19103F-16F7-4668-BE54-9A1E7A4F7556}") = "Yitter.IdGenTest", "Yitter.IdGenTest\Yitter.IdGenTest.csproj", "{67426F7D-0A3B-4645-B4D7-5487215D3E2B}"
EndProject
Project("{9A19103F-16F7-4668-BE54-9A1E7A4F7556}") = "YitIdGen.WinFormApp", "YitIdGen.WinFormApp\YitIdGen.WinFormApp.csproj", "{1035D82E-3F37-4940-AA32-5D1E0E53AFA5}"
EndProject
Global
	GlobalSection(SolutionConfigurationPlatforms) = preSolution
		Debug|Any CPU = Debug|Any CPU
		Release|Any CPU = Release|Any CPU
	EndGlobalSection
	GlobalSection(ProjectConfigurationPlatforms) = postSolution
		{FF8DAF11-34E7-4842-ADF2-3722A1A5FBB2}.Debug|Any CPU.ActiveCfg = Debug|Any CPU
		{FF8DAF11-34E7-4842-ADF2-3722A1A5FBB2}.Debug|Any CPU.Build.0 = Debug|Any CPU
		{FF8DAF11-34E7-4842-ADF2-3722A1A5FBB2}.Release|Any CPU.ActiveCfg = Release|Any CPU
		{FF8DAF11-34E7-4842-ADF2-3722A1A5FBB2}.Release|Any CPU.Build.0 = Release|Any CPU
		{67426F7D-0A3B-4645-B4D7-5487215D3E2B}.Debug|Any CPU.ActiveCfg = Debug|Any CPU
		{67426F7D-0A3B-4645-B4D7-5487215D3E2B}.Debug|Any CPU.Build.0 = Debug|Any CPU
		{67426F7D-0A3B-4645-B4D7-5487215D3E2B}.Release|Any CPU.ActiveCfg = Release|Any CPU
		{67426F7D-0A3B-4645-B4D7-5487215D3E2B}.Release|Any CPU.Build.0 = Release|Any CPU
		{1035D82E-3F37-4940-AA32-5D1E0E53AFA5}.Debug|Any CPU.ActiveCfg = Debug|Any CPU
		{1035D82E-3F37-4940-AA32-5D1E0E53AFA5}.Debug|Any CPU.Build.0 = Debug|Any CPU
		{1035D82E-3F37-4940-AA32-5D1E0E53AFA5}.Release|Any CPU.ActiveCfg = Release|Any CPU
		{1035D82E-3F37-4940-AA32-5D1E0E53AFA5}.Release|Any CPU.Build.0 = Release|Any CPU
	EndGlobalSection
	GlobalSection(SolutionProperties) = preSolution
		HideSolutionNode = FALSE
	EndGlobalSection
	GlobalSection(ExtensibilityGlobals) = postSolution
		SolutionGuid = {5C87B69B-CE8D-411F-AFAF-298C7BC7C2EA}
	EndGlobalSection
EndGlobal
